// !$*UTF8*$!
{
	archiveVersion = 1;
	classes = {
	};
	objectVersion = 50;
	objects = {

/* Begin PBXBuildFile section */
		9C4B1B4A255AF00200CA1648 /* AppDelegate.swift in Sources */ = {isa = PBXBuildFile; fileRef = 9C4B1B49255AF00200CA1648 /* AppDelegate.swift */; };
		9C4B1B4C255AF00200CA1648 /* SceneDelegate.swift in Sources */ = {isa = PBXBuildFile; fileRef = 9C4B1B4B255AF00200CA1648 /* SceneDelegate.swift */; };
		9C4B1B4E255AF00200CA1648 /* ViewController.swift in Sources */ = {isa = PBXBuildFile; fileRef = 9C4B1B4D255AF00200CA1648 /* ViewController.swift */; };
		9C4B1B51255AF00200CA1648 /* Main.storyboard in Resources */ = {isa = PBXBuildFile; fileRef = 9C4B1B4F255AF00200CA1648 /* Main.storyboard */; };
		9C4B1B53255AF00500CA1648 /* Assets.xcassets in Resources */ = {isa = PBXBuildFile; fileRef = 9C4B1B52255AF00500CA1648 /* Assets.xcassets */; };
		9C4B1B56255AF00600CA1648 /* LaunchScreen.storyboard in Resources */ = {isa = PBXBuildFile; fileRef = 9C4B1B54255AF00600CA1648 /* LaunchScreen.storyboard */; };
		9C4B1B61255AF00600CA1648 /* _01_CountTests.swift in Sources */ = {isa = PBXBuildFile; fileRef = 9C4B1B60255AF00600CA1648 /* _01_CountTests.swift */; };
		9C4B1B6C255AF00600CA1648 /* _01_CountUITests.swift in Sources */ = {isa = PBXBuildFile; fileRef = 9C4B1B6B255AF00600CA1648 /* _01_CountUITests.swift */; };
/* End PBXBuildFile section */

/* Begin PBXContainerItemProxy section */
		9C4B1B5D255AF00600CA1648 /* PBXContainerItemProxy */ = {
			isa = PBXContainerItemProxy;
			containerPortal = 9C4B1B3E255AF00100CA1648 /* Project object */;
			proxyType = 1;
			remoteGlobalIDString = 9C4B1B45255AF00200CA1648;
			remoteInfo = 001_Count;
		};
		9C4B1B68255AF00600CA1648 /* PBXContainerItemProxy */ = {
			isa = PBXContainerItemProxy;
			containerPortal = 9C4B1B3E255AF00100CA1648 /* Project object */;
			proxyType = 1;
			remoteGlobalIDString = 9C4B1B45255AF00200CA1648;
			remoteInfo = 001_Count;
		};
/* End PBXContainerItemProxy section */

/* Begin PBXFileReference section */
		9C4B1B46255AF00200CA1648 /* 001_Count.app */ = {isa = PBXFileReference; explicitFileType = wrapper.application; includeInIndex = 0; path = 001_Count.app; sourceTree = BUILT_PRODUCTS_DIR; };
		9C4B1B49255AF00200CA1648 /* AppDelegate.swift */ = {isa = PBXFileReference; lastKnownFileType = sourcecode.swift; path = AppDelegate.swift; sourceTree = "<group>"; };
		9C4B1B4B255AF00200CA1648 /* SceneDelegate.swift */ = {isa = PBXFileReference; lastKnownFileType = sourcecode.swift; path = SceneDelegate.swift; sourceTree = "<group>"; };
		9C4B1B4D255AF00200CA1648 /* ViewController.swift */ = {isa = PBXFileReference; lastKnownFileType = sourcecode.swift; path = ViewController.swift; sourceTree = "<group>"; };
		9C4B1B50255AF00200CA1648 /* Base */ = {isa = PBXFileReference; lastKnownFileType = file.storyboard; name = Base; path = Base.lproj/Main.storyboard; sourceTree = "<group>"; };
		9C4B1B52255AF00500CA1648 /* Assets.xcassets */ = {isa = PBXFileReference; lastKnownFileType = folder.assetcatalog; path = Assets.xcassets; sourceTree = "<group>"; };
		9C4B1B55255AF00600CA1648 /* Base */ = {isa = PBXFileReference; lastKnownFileType = file.storyboard; name = Base; path = Base.lproj/LaunchScreen.storyboard; sourceTree = "<group>"; };
		9C4B1B57255AF00600CA1648 /* Info.plist */ = {isa = PBXFileReference; lastKnownFileType = text.plist.xml; path = Info.plist; sourceTree = "<group>"; };
		9C4B1B5C255AF00600CA1648 /* 001_CountTests.xctest */ = {isa = PBXFileReference; explicitFileType = wrapper.cfbundle; includeInIndex = 0; path = 001_CountTests.xctest; sourceTree = BUILT_PRODUCTS_DIR; };
		9C4B1B60255AF00600CA1648 /* _01_CountTests.swift */ = {isa = PBXFileReference; lastKnownFileType = sourcecode.swift; path = _01_CountTests.swift; sourceTree = "<group>"; };
		9C4B1B62255AF00600CA1648 /* Info.plist */ = {isa = PBXFileReference; lastKnownFileType = text.plist.xml; path = Info.plist; sourceTree = "<group>"; };
		9C4B1B67255AF00600CA1648 /* 001_CountUITests.xctest */ = {isa = PBXFileReference; explicitFileType = wrapper.cfbundle; includeInIndex = 0; path = 001_CountUITests.xctest; sourceTree = BUILT_PRODUCTS_DIR; };
		9C4B1B6B255AF00600CA1648 /* _01_CountUITests.swift */ = {isa = PBXFileReference; lastKnownFileType = sourcecode.swift; path = _01_CountUITests.swift; sourceTree = "<group>"; };
		9C4B1B6D255AF00600CA1648 /* Info.plist */ = {isa = PBXFileReference; lastKnownFileType = text.plist.xml; path = Info.plist; sourceTree = "<group>"; };
/* End PBXFileReference section */

/* Begin PBXFrameworksBuildPhase section */
		9C4B1B43255AF00200CA1648 /* Frameworks */ = {
			isa = PBXFrameworksBuildPhase;
			buildActionMask = 2147483647;
			files = (
			);
			runOnlyForDeploymentPostprocessing = 0;
		};
		9C4B1B59255AF00600CA1648 /* Frameworks */ = {
			isa = PBXFrameworksBuildPhase;
			buildActionMask = 2147483647;
			files = (
			);
			runOnlyForDeploymentPostprocessing = 0;
		};
		9C4B1B64255AF00600CA1648 /* Frameworks */ = {
			isa = PBXFrameworksBuildPhase;
			buildActionMask = 2147483647;
			files = (
			);
			runOnlyForDeploymentPostprocessing = 0;
		};
/* End PBXFrameworksBuildPhase section */

/* Begin PBXGroup section */
		9C4B1B3D255AF00100CA1648 = {
			isa = PBXGroup;
			children = (
				9C4B1B48255AF00200CA1648 /* 001_Count */,
				9C4B1B5F255AF00600CA1648 /* 001_CountTests */,
				9C4B1B6A255AF00600CA1648 /* 001_CountUITests */,
				9C4B1B47255AF00200CA1648 /* Products */,
			);
			sourceTree = "<group>";
		};
		9C4B1B47255AF00200CA1648 /* Products */ = {
			isa = PBXGroup;
			children = (
				9C4B1B46255AF00200CA1648 /* 001_Count.app */,
				9C4B1B5C255AF00600CA1648 /* 001_CountTests.xctest */,
				9C4B1B67255AF00600CA1648 /* 001_CountUITests.xctest */,
			);
			name = Products;
			sourceTree = "<group>";
		};
		9C4B1B48255AF00200CA1648 /* 001_Count */ = {
			isa = PBXGroup;
			children = (
				9C4B1B49255AF00200CA1648 /* AppDelegate.swift */,
				9C4B1B4B255AF00200CA1648 /* SceneDelegate.swift */,
				9C4B1B4D255AF00200CA1648 /* ViewController.swift */,
				9C4B1B4F255AF00200CA1648 /* Main.storyboard */,
				9C4B1B52255AF00500CA1648 /* Assets.xcassets */,
				9C4B1B54255AF00600CA1648 /* LaunchScreen.storyboard */,
				9C4B1B57255AF00600CA1648 /* Info.plist */,
			);
			path = 001_Count;
			sourceTree = "<group>";
		};
		9C4B1B5F255AF00600CA1648 /* 001_CountTests */ = {
			isa = PBXGroup;
			children = (
				9C4B1B60255AF00600CA1648 /* _01_CountTests.swift */,
				9C4B1B62255AF00600CA1648 /* Info.plist */,
			);
			path = 001_CountTests;
			sourceTree = "<group>";
		};
		9C4B1B6A255AF00600CA1648 /* 001_CountUITests */ = {
			isa = PBXGroup;
			children = (
				9C4B1B6B255AF00600CA1648 /* _01_CountUITests.swift */,
				9C4B1B6D255AF00600CA1648 /* Info.plist */,
			);
			path = 001_CountUITests;
			sourceTree = "<group>";
		};
/* End PBXGroup section */

/* Begin PBXNativeTarget section */
		9C4B1B45255AF00200CA1648 /* 001_Count */ = {
			isa = PBXNativeTarget;
			buildConfigurationList = 9C4B1B70255AF00600CA1648 /* Build configuration list for PBXNativeTarget "001_Count" */;
			buildPhases = (
				9C4B1B42255AF00200CA1648 /* Sources */,
				9C4B1B43255AF00200CA1648 /* Frameworks */,
				9C4B1B44255AF00200CA1648 /* Resources */,
			);
			buildRules = (
			);
			dependencies = (
			);
			name = 001_Count;
			productName = 001_Count;
			productReference = 9C4B1B46255AF00200CA1648 /* 001_Count.app */;
			productType = "com.apple.product-type.application";
		};
		9C4B1B5B255AF00600CA1648 /* 001_CountTests */ = {
			isa = PBXNativeTarget;
			buildConfigurationList = 9C4B1B73255AF00600CA1648 /* Build configuration list for PBXNativeTarget "001_CountTests" */;
			buildPhases = (
				9C4B1B58255AF00600CA1648 /* Sources */,
				9C4B1B59255AF00600CA1648 /* Frameworks */,
				9C4B1B5A255AF00600CA1648 /* Resources */,
			);
			buildRules = (
			);
			dependencies = (
				9C4B1B5E255AF00600CA1648 /* PBXTargetDependency */,
			);
			name = 001_CountTests;
			productName = 001_CountTests;
			productReference = 9C4B1B5C255AF00600CA1648 /* 001_CountTests.xctest */;
			productType = "com.apple.product-type.bundle.unit-test";
		};
		9C4B1B66255AF00600CA1648 /* 001_CountUITests */ = {
			isa = PBXNativeTarget;
			buildConfigurationList = 9C4B1B76255AF00600CA1648 /* Build configuration list for PBXNativeTarget "001_CountUITests" */;
			buildPhases = (
				9C4B1B63255AF00600CA1648 /* Sources */,
				9C4B1B64255AF00600CA1648 /* Frameworks */,
				9C4B1B65255AF00600CA1648 /* Resources */,
			);
			buildRules = (
			);
			dependencies = (
				9C4B1B69255AF00600CA1648 /* PBXTargetDependency */,
			);
			name = 001_CountUITests;
			productName = 001_CountUITests;
			productReference = 9C4B1B67255AF00600CA1648 /* 001_CountUITests.xctest */;
			productType = "com.apple.product-type.bundle.ui-testing";
		};
/* End PBXNativeTarget section */

/* Begin PBXProject section */
		9C4B1B3E255AF00100CA1648 /* Project object */ = {
			isa = PBXProject;
			attributes = {
				LastSwiftUpdateCheck = 1210;
				LastUpgradeCheck = 1210;
				TargetAttributes = {
					9C4B1B45255AF00200CA1648 = {
						CreatedOnToolsVersion = 12.1;
					};
					9C4B1B5B255AF00600CA1648 = {
						CreatedOnToolsVersion = 12.1;
						TestTargetID = 9C4B1B45255AF00200CA1648;
					};
					9C4B1B66255AF00600CA1648 = {
						CreatedOnToolsVersion = 12.1;
						TestTargetID = 9C4B1B45255AF00200CA1648;
					};
				};
			};
			buildConfigurationList = 9C4B1B41255AF00100CA1648 /* Build configuration list for PBXProject "001_Count" */;
			compatibilityVersion = "Xcode 9.3";
			developmentRegion = en;
			hasScannedForEncodings = 0;
			knownRegions = (
				en,
				Base,
			);
			mainGroup = 9C4B1B3D255AF00100CA1648;
			productRefGroup = 9C4B1B47255AF00200CA1648 /* Products */;
			projectDirPath = "";
			projectRoot = "";
			targets = (
				9C4B1B45255AF00200CA1648 /* 001_Count */,
				9C4B1B5B255AF00600CA1648 /* 001_CountTests */,
				9C4B1B66255AF00600CA1648 /* 001_CountUITests */,
			);
		};
/* End PBXProject section */

/* Begin PBXResourcesBuildPhase section */
		9C4B1B44255AF00200CA1648 /* Resources */ = {
			isa = PBXResourcesBuildPhase;
			buildActionMask = 2147483647;
			files = (
				9C4B1B56255AF00600CA1648 /* LaunchScreen.storyboard in Resources */,
				9C4B1B53255AF00500CA1648 /* Assets.xcassets in Resources */,
				9C4B1B51255AF00200CA1648 /* Main.storyboard in Resources */,
			);
			runOnlyForDeploymentPostprocessing = 0;
		};
		9C4B1B5A255AF00600CA1648 /* Resources */ = {
			isa = PBXResourcesBuildPhase;
			buildActionMask = 2147483647;
			files = (
			);
			runOnlyForDeploymentPostprocessing = 0;
		};
		9C4B1B65255AF00600CA1648 /* Resources */ = {
			isa = PBXResourcesBuildPhase;
			buildActionMask = 2147483647;
			files = (
			);
			runOnlyForDeploymentPostprocessing = 0;
		};
/* End PBXResourcesBuildPhase section */

/* Begin PBXSourcesBuildPhase section */
		9C4B1B42255AF00200CA1648 /* Sources */ = {
			isa = PBXSourcesBuildPhase;
			buildActionMask = 2147483647;
			files = (
				9C4B1B4E255AF00200CA1648 /* ViewController.swift in Sources */,
				9C4B1B4A255AF00200CA1648 /* AppDelegate.swift in Sources */,
				9C4B1B4C255AF00200CA1648 /* SceneDelegate.swift in Sources */,
			);
			runOnlyForDeploymentPostprocessing = 0;
		};
		9C4B1B58255AF00600CA1648 /* Sources */ = {
			isa = PBXSourcesBuildPhase;
			buildActionMask = 2147483647;
			files = (
				9C4B1B61255AF00600CA1648 /* _01_CountTests.swift in Sources */,
			);
			runOnlyForDeploymentPostprocessing = 0;
		};
		9C4B1B63255AF00600CA1648 /* Sources */ = {
			isa = PBXSourcesBuildPhase;
			buildActionMask = 2147483647;
			files = (
				9C4B1B6C255AF00600CA1648 /* _01_CountUITests.swift in Sources */,
			);
			runOnlyForDeploymentPostprocessing = 0;
		};
/* End PBXSourcesBuildPhase section */

/* Begin PBXTargetDependency section */
		9C4B1B5E255AF00600CA1648 /* PBXTargetDependency */ = {
			isa = PBXTargetDependency;
			target = 9C4B1B45255AF00200CA1648 /* 001_Count */;
			targetProxy = 9C4B1B5D255AF00600CA1648 /* PBXContainerItemProxy */;
		};
		9C4B1B69255AF00600CA1648 /* PBXTargetDependency */ = {
			isa = PBXTargetDependency;
			target = 9C4B1B45255AF00200CA1648 /* 001_Count */;
			targetProxy = 9C4B1B68255AF00600CA1648 /* PBXContainerItemProxy */;
		};
/* End PBXTargetDependency section */

/* Begin PBXVariantGroup section */
		9C4B1B4F255AF00200CA1648 /* Main.storyboard */ = {
			isa = PBXVariantGroup;
			children = (
				9C4B1B50255AF00200CA1648 /* Base */,
			);
			name = Main.storyboard;
			sourceTree = "<group>";
		};
		9C4B1B54255AF00600CA1648 /* LaunchScreen.storyboard */ = {
			isa = PBXVariantGroup;
			children = (
				9C4B1B55255AF00600CA1648 /* Base */,
			);
			name = LaunchScreen.storyboard;
			sourceTree = "<group>";
		};
/* End PBXVariantGroup section */

/* Begin XCBuildConfiguration section */
		9C4B1B6E255AF00600CA1648 /* Debug */ = {
			isa = XCBuildConfiguration;
			buildSettings = {
				ALWAYS_SEARCH_USER_PATHS = NO;
				CLANG_ANALYZER_NONNULL = YES;
				CLANG_ANALYZER_NUMBER_OBJECT_CONVERSION = YES_AGGRESSIVE;
				CLANG_CXX_LANGUAGE_STANDARD = "gnu++14";
				CLANG_CXX_LIBRARY = "libc++";
				CLANG_ENABLE_MODULES = YES;
				CLANG_ENABLE_OBJC_ARC = YES;
				CLANG_ENABLE_OBJC_WEAK = YES;
				CLANG_WARN_BLOCK_CAPTURE_AUTORELEASING = YES;
				CLANG_WARN_BOOL_CONVERSION = YES;
				CLANG_WARN_COMMA = YES;
				CLANG_WARN_CONSTANT_CONVERSION = YES;
				CLANG_WARN_DEPRECATED_OBJC_IMPLEMENTATIONS = YES;
				CLANG_WARN_DIRECT_OBJC_ISA_USAGE = YES_ERROR;
				CLANG_WARN_DOCUMENTATION_COMMENTS = YES;
				CLANG_WARN_EMPTY_BODY = YES;
				CLANG_WARN_ENUM_CONVERSION = YES;
				CLANG_WARN_INFINITE_RECURSION = YES;
				CLANG_WARN_INT_CONVERSION = YES;
				CLANG_WARN_NON_LITERAL_NULL_CONVERSION = YES;
				CLANG_WARN_OBJC_IMPLICIT_RETAIN_SELF = YES;
				CLANG_WARN_OBJC_LITERAL_CONVERSION = YES;
				CLANG_WARN_OBJC_ROOT_CLASS = YES_ERROR;
				CLANG_WARN_QUOTED_INCLUDE_IN_FRAMEWORK_HEADER = YES;
				CLANG_WARN_RANGE_LOOP_ANALYSIS = YES;
				CLANG_WARN_STRICT_PROTOTYPES = YES;
				CLANG_WARN_SUSPICIOUS_MOVE = YES;
				CLANG_WARN_UNGUARDED_AVAILABILITY = YES_AGGRESSIVE;
				CLANG_WARN_UNREACHABLE_CODE = YES;
				CLANG_WARN__DUPLICATE_METHOD_MATCH = YES;
				COPY_PHASE_STRIP = NO;
				DEBUG_INFORMATION_FORMAT = dwarf;
				ENABLE_STRICT_OBJC_MSGSEND = YES;
				ENABLE_TESTABILITY = YES;
				GCC_C_LANGUAGE_STANDARD = gnu11;
				GCC_DYNAMIC_NO_PIC = NO;
				GCC_NO_COMMON_BLOCKS = YES;
				GCC_OPTIMIZATION_LEVEL = 0;
				GCC_PREPROCESSOR_DEFINITIONS = (
					"DEBUG=1",
					"$(inherited)",
				);
				GCC_WARN_64_TO_32_BIT_CONVERSION = YES;
				GCC_WARN_ABOUT_RETURN_TYPE = YES_ERROR;
				GCC_WARN_UNDECLARED_SELECTOR = YES;
				GCC_WARN_UNINITIALIZED_AUTOS = YES_AGGRESSIVE;
				GCC_WARN_UNUSED_FUNCTION = YES;
				GCC_WARN_UNUSED_VARIABLE = YES;
				IPHONEOS_DEPLOYMENT_TARGET = 14.1;
				MTL_ENABLE_DEBUG_INFO = INCLUDE_SOURCE;
				MTL_FAST_MATH = YES;
				ONLY_ACTIVE_ARCH = YES;
				SDKROOT = iphoneos;
				SWIFT_ACTIVE_COMPILATION_CONDITIONS = DEBUG;
				SWIFT_OPTIMIZATION_LEVEL = "-Onone";
			};
			name = Debug;
		};
		9C4B1B6F255AF00600CA1648 /* Release */ = {
			isa = XCBuildConfiguration;
			buildSettings = {
				ALWAYS_SEARCH_USER_PATHS = NO;
				CLANG_ANALYZER_NONNULL = YES;
				CLANG_ANALYZER_NUMBER_OBJECT_CONVERSION = YES_AGGRESSIVE;
				CLANG_CXX_LANGUAGE_STANDARD = "gnu++14";
				CLANG_CXX_LIBRARY = "libc++";
				CLANG_ENABLE_MODULES = YES;
				CLANG_ENABLE_OBJC_ARC = YES;
				CLANG_ENABLE_OBJC_WEAK = YES;
				CLANG_WARN_BLOCK_CAPTURE_AUTORELEASING = YES;
				CLANG_WARN_BOOL_CONVERSION = YES;
				CLANG_WARN_COMMA = YES;
				CLANG_WARN_CONSTANT_CONVERSION = YES;
				CLANG_WARN_DEPRECATED_OBJC_IMPLEMENTATIONS = YES;
				CLANG_WARN_DIRECT_OBJC_ISA_USAGE = YES_ERROR;
				CLANG_WARN_DOCUMENTATION_COMMENTS = YES;
				CLANG_WARN_EMPTY_BODY = YES;
				CLANG_WARN_ENUM_CONVERSION = YES;
				CLANG_WARN_INFINITE_RECURSION = YES;
				CLANG_WARN_INT_CONVERSION = YES;
				CLANG_WARN_NON_LITERAL_NULL_CONVERSION = YES;
				CLANG_WARN_OBJC_IMPLICIT_RETAIN_SELF = YES;
				CLANG_WARN_OBJC_LITERAL_CONVERSION = YES;
				CLANG_WARN_OBJC_ROOT_CLASS = YES_ERROR;
				CLANG_WARN_QUOTED_INCLUDE_IN_FRAMEWORK_HEADER = YES;
				CLANG_WARN_RANGE_LOOP_ANALYSIS = YES;
				CLANG_WARN_STRICT_PROTOTYPES = YES;
				CLANG_WARN_SUSPICIOUS_MOVE = YES;
				CLANG_WARN_UNGUARDED_AVAILABILITY = YES_AGGRESSIVE;
				CLANG_WARN_UNREACHABLE_CODE = YES;
				CLANG_WARN__DUPLICATE_METHOD_MATCH = YES;
				COPY_PHASE_STRIP = NO;
				DEBUG_INFORMATION_FORMAT = "dwarf-with-dsym";
				ENABLE_NS_ASSERTIONS = NO;
				ENABLE_STRICT_OBJC_MSGSEND = YES;
				GCC_C_LANGUAGE_STANDARD = gnu11;
				GCC_NO_COMMON_BLOCKS = YES;
				GCC_WARN_64_TO_32_BIT_CONVERSION = YES;
				GCC_WARN_ABOUT_RETURN_TYPE = YES_ERROR;
				GCC_WARN_UNDECLARED_SELECTOR = YES;
				GCC_WARN_UNINITIALIZED_AUTOS = YES_AGGRESSIVE;
				GCC_WARN_UNUSED_FUNCTION = YES;
				GCC_WARN_UNUSED_VARIABLE = YES;
				IPHONEOS_DEPLOYMENT_TARGET = 14.1;
				MTL_ENABLE_DEBUG_INFO = NO;
				MTL_FAST_MATH = YES;
				SDKROOT = iphoneos;
				SWIFT_COMPILATION_MODE = wholemodule;
				SWIFT_OPTIMIZATION_LEVEL = "-O";
				VALIDATE_PRODUCT = YES;
			};
			name = Release;
		};
		9C4B1B71255AF00600CA1648 /* Debug */ = {
			isa = XCBuildConfiguration;
			buildSettings = {
				ASSETCATALOG_COMPILER_APPICON_NAME = AppIcon;
				ASSETCATALOG_COMPILER_GLOBAL_ACCENT_COLOR_NAME = AccentColor;
				CODE_SIGN_STYLE = Automatic;
				DEVELOPMENT_TEAM = 83B85M254B;
				INFOPLIST_FILE = 001_Count/Info.plist;
				LD_RUNPATH_SEARCH_PATHS = (
					"$(inherited)",
					"@executable_path/Frameworks",
				);
				PRODUCT_BUNDLE_IDENTIFIER = "app.matsushima.mukku.-01-Count";
				PRODUCT_NAME = "$(TARGET_NAME)";
				SWIFT_VERSION = 5.0;
				TARGETED_DEVICE_FAMILY = "1,2";
			};
			name = Debug;
		};
		9C4B1B72255AF00600CA1648 /* Release */ = {
			isa = XCBuildConfiguration;
			buildSettings = {
				ASSETCATALOG_COMPILER_APPICON_NAME = AppIcon;
				ASSETCATALOG_COMPILER_GLOBAL_ACCENT_COLOR_NAME = AccentColor;
				CODE_SIGN_STYLE = Automatic;
				DEVELOPMENT_TEAM = 83B85M254B;
				INFOPLIST_FILE = 001_Count/Info.plist;
				LD_RUNPATH_SEARCH_PATHS = (
					"$(inherited)",
					"@executable_path/Frameworks",
				);
				PRODUCT_BUNDLE_IDENTIFIER = "app.matsushima.mukku.-01-Count";
				PRODUCT_NAME = "$(TARGET_NAME)";
				SWIFT_VERSION = 5.0;
				TARGETED_DEVICE_FAMILY = "1,2";
			};
			name = Release;
		};
		9C4B1B74255AF00600CA1648 /* Debug */ = {
			isa = XCBuildConfiguration;
			buildSettings = {
				ALWAYS_EMBED_SWIFT_STANDARD_LIBRARIES = YES;
				BUNDLE_LOADER = "$(TEST_HOST)";
				CODE_SIGN_STYLE = Automatic;
				DEVELOPMENT_TEAM = 83B85M254B;
				INFOPLIST_FILE = 001_CountTests/Info.plist;
				IPHONEOS_DEPLOYMENT_TARGET = 14.1;
				LD_RUNPATH_SEARCH_PATHS = (
					"$(inherited)",
					"@executable_path/Frameworks",
					"@loader_path/Frameworks",
				);
				PRODUCT_BUNDLE_IDENTIFIER = "app.matsushima.mukku.-01-CountTests";
				PRODUCT_NAME = "$(TARGET_NAME)";
				SWIFT_VERSION = 5.0;
				TARGETED_DEVICE_FAMILY = "1,2";
				TEST_HOST = "$(BUILT_PRODUCTS_DIR)/001_Count.app/001_Count";
			};
			name = Debug;
		};
		9C4B1B75255AF00600CA1648 /* Release */ = {
			isa = XCBuildConfiguration;
			buildSettings = {
				ALWAYS_EMBED_SWIFT_STANDARD_LIBRARIES = YES;
				BUNDLE_LOADER = "$(TEST_HOST)";
				CODE_SIGN_STYLE = Automatic;
				DEVELOPMENT_TEAM = 83B85M254B;
				INFOPLIST_FILE = 001_CountTests/Info.plist;
				IPHONEOS_DEPLOYMENT_TARGET = 14.1;
				LD_RUNPATH_SEARCH_PATHS = (
					"$(inherited)",
					"@executable_path/Frameworks",
					"@loader_path/Frameworks",
				);
				PRODUCT_BUNDLE_IDENTIFIER = "app.matsushima.mukku.-01-CountTests";
				PRODUCT_NAME = "$(TARGET_NAME)";
				SWIFT_VERSION = 5.0;
				TARGETED_DEVICE_FAMILY = "1,2";
				TEST_HOST = "$(BUILT_PRODUCTS_DIR)/001_Count.app/001_Count";
			};
			name = Release;
		};
		9C4B1B77255AF00600CA1648 /* Debug */ = {
			isa = XCBuildConfiguration;
			buildSettings = {
				ALWAYS_EMBED_SWIFT_STANDARD_LIBRARIES = YES;
				CODE_SIGN_STYLE = Automatic;
				DEVELOPMENT_TEAM = 83B85M254B;
				INFOPLIST_FILE = 001_CountUITests/Info.plist;
				LD_RUNPATH_SEARCH_PATHS = (
					"$(inherited)",
					"@executable_path/Frameworks",
					"@loader_path/Frameworks",
				);
				PRODUCT_BUNDLE_IDENTIFIER = "app.matsushima.mukku.-01-CountUITests";
				PRODUCT_NAME = "$(TARGET_NAME)";
				SWIFT_VERSION = 5.0;
				TARGETED_DEVICE_FAMILY = "1,2";
				TEST_TARGET_NAME = 001_Count;
			};
			name = Debug;
		};
		9C4B1B78255AF00600CA1648 /* Release */ = {
			isa = XCBuildConfiguration;
			buildSettings = {
				ALWAYS_EMBED_SWIFT_STANDARD_LIBRARIES = YES;
				CODE_SIGN_STYLE = Automatic;
				DEVELOPMENT_TEAM = 83B85M254B;
				INFOPLIST_FILE = 001_CountUITests/Info.plist;
				LD_RUNPATH_SEARCH_PATHS = (
					"$(inherited)",
					"@executable_path/Frameworks",
					"@loader_path/Frameworks",
				);
				PRODUCT_BUNDLE_IDENTIFIER = "app.matsushima.mukku.-01-CountUITests";
				PRODUCT_NAME = "$(TARGET_NAME)";
				SWIFT_VERSION = 5.0;
				TARGETED_DEVICE_FAMILY = "1,2";
				TEST_TARGET_NAME = 001_Count;
			};
			name = Release;
		};
/* End XCBuildConfiguration section */

/* Begin XCConfigurationList section */
		9C4B1B41255AF00100CA1648 /* Build configuration list for PBXProject "001_Count" */ = {
			isa = XCConfigurationList;
			buildConfigurations = (
				9C4B1B6E255AF00600CA1648 /* Debug */,
				9C4B1B6F255AF00600CA1648 /* Release */,
			);
			defaultConfigurationIsVisible = 0;
			defaultConfigurationName = Release;
		};
		9C4B1B70255AF00600CA1648 /* Build configuration list for PBXNativeTarget "001_Count" */ = {
			isa = XCConfigurationList;
			buildConfigurations = (
				9C4B1B71255AF00600CA1648 /* Debug */,
				9C4B1B72255AF00600CA1648 /* Release */,
			);
			defaultConfigurationIsVisible = 0;
			defaultConfigurationName = Release;
		};
		9C4B1B73255AF00600CA1648 /* Build configuration list for PBXNativeTarget "001_CountTests" */ = {
			isa = XCConfigurationList;
			buildConfigurations = (
				9C4B1B74255AF00600CA1648 /* Debug */,
				9C4B1B75255AF00600CA1648 /* Release */,
			);
			defaultConfigurationIsVisible = 0;
			defaultConfigurationName = Release;
		};
		9C4B1B76255AF00600CA1648 /* Build configuration list for PBXNativeTarget "001_CountUITests" */ = {
			isa = XCConfigurationList;
			buildConfigurations = (
				9C4B1B77255AF00600CA1648 /* Debug */,
				9C4B1B78255AF00600CA1648 /* Release */,
			);
			defaultConfigurationIsVisible = 0;
			defaultConfigurationName = Release;
		};
/* End XCConfigurationList section */
	};
	rootObject = 9C4B1B3E255AF00100CA1648 /* Project object */;
}
